// !$*UTF8*$!
{
	archiveVersion = 1;
	classes = {
	};
	objectVersion = 56;
	objects = {

/* Begin PBXBuildFile section */
		3050B9C12BDB7E8F0077E8D1 /* HighScoreModel.swift in Sources */ = {isa = PBXBuildFile; fileRef = 3050B9C02BDB7E8F0077E8D1 /* HighScoreModel.swift */; };
		3050B9C32BDBCF060077E8D1 /* TestAnimation.swift in Sources */ = {isa = PBXBuildFile; fileRef = 3050B9C22BDBCF060077E8D1 /* TestAnimation.swift */; };
		3050B9C62BDBDC510077E8D1 /* Stitch in Frameworks */ = {isa = PBXBuildFile; productRef = 3050B9C52BDBDC510077E8D1 /* Stitch */; };
		307CCED22BD9F44400B30B8D /* GameStatsModel.swift in Sources */ = {isa = PBXBuildFile; fileRef = 307CCED12BD9F44400B30B8D /* GameStatsModel.swift */; };
		307CCED52BD9F5E200B30B8D /* ButtonComponent.swift in Sources */ = {isa = PBXBuildFile; fileRef = 307CCED42BD9F5E200B30B8D /* ButtonComponent.swift */; };
		307CCED72BDA96E300B30B8D /* SettingsView.swift in Sources */ = {isa = PBXBuildFile; fileRef = 307CCED62BDA96E300B30B8D /* SettingsView.swift */; };
		307CCEDB2BDA9AC300B30B8D /* HighScoreView.swift in Sources */ = {isa = PBXBuildFile; fileRef = 307CCEDA2BDA9AC300B30B8D /* HighScoreView.swift */; };
		307CCEDD2BDA9AE200B30B8D /* HighScoreViewModel.swift in Sources */ = {isa = PBXBuildFile; fileRef = 307CCEDC2BDA9AE200B30B8D /* HighScoreViewModel.swift */; };
		30A6F51C2BBBA8BF00CD3965 /* BubblePopAssessmentApp.swift in Sources */ = {isa = PBXBuildFile; fileRef = 30A6F51B2BBBA8BF00CD3965 /* BubblePopAssessmentApp.swift */; };
		30A6F5202BBBA8C000CD3965 /* Assets.xcassets in Resources */ = {isa = PBXBuildFile; fileRef = 30A6F51F2BBBA8C000CD3965 /* Assets.xcassets */; };
		30A6F5232BBBA8C000CD3965 /* Preview Assets.xcassets in Resources */ = {isa = PBXBuildFile; fileRef = 30A6F5222BBBA8C000CD3965 /* Preview Assets.xcassets */; };
		30A6F52C2BBBA94A00CD3965 /* MenuView.swift in Sources */ = {isa = PBXBuildFile; fileRef = 30A6F52B2BBBA94A00CD3965 /* MenuView.swift */; };
		30A6F52E2BBBAA2300CD3965 /* SettingsViewModel.swift in Sources */ = {isa = PBXBuildFile; fileRef = 30A6F52D2BBBAA2300CD3965 /* SettingsViewModel.swift */; };
		30A6F5302BBBAE0D00CD3965 /* GameView.swift in Sources */ = {isa = PBXBuildFile; fileRef = 30A6F52F2BBBAE0D00CD3965 /* GameView.swift */; };
		30A6F5322BBBAED300CD3965 /* GameViewModel.swift in Sources */ = {isa = PBXBuildFile; fileRef = 30A6F5312BBBAED300CD3965 /* GameViewModel.swift */; };
		30B520252BDD208F000E97CA /* MenuViewModel.swift in Sources */ = {isa = PBXBuildFile; fileRef = 30B520242BDD208F000E97CA /* MenuViewModel.swift */; };
		30E7E73B2BD8DDB800C404DD /* BubbleModel.swift in Sources */ = {isa = PBXBuildFile; fileRef = 30E7E73A2BD8DDB800C404DD /* BubbleModel.swift */; };
/* End PBXBuildFile section */

/* Begin PBXFileReference section */
		3050B9C02BDB7E8F0077E8D1 /* HighScoreModel.swift */ = {isa = PBXFileReference; lastKnownFileType = sourcecode.swift; path = HighScoreModel.swift; sourceTree = "<group>"; };
		3050B9C22BDBCF060077E8D1 /* TestAnimation.swift */ = {isa = PBXFileReference; lastKnownFileType = sourcecode.swift; path = TestAnimation.swift; sourceTree = "<group>"; };
		307CCED12BD9F44400B30B8D /* GameStatsModel.swift */ = {isa = PBXFileReference; lastKnownFileType = sourcecode.swift; path = GameStatsModel.swift; sourceTree = "<group>"; };
		307CCED42BD9F5E200B30B8D /* ButtonComponent.swift */ = {isa = PBXFileReference; lastKnownFileType = sourcecode.swift; path = ButtonComponent.swift; sourceTree = "<group>"; };
		307CCED62BDA96E300B30B8D /* SettingsView.swift */ = {isa = PBXFileReference; lastKnownFileType = sourcecode.swift; path = SettingsView.swift; sourceTree = "<group>"; };
		307CCEDA2BDA9AC300B30B8D /* HighScoreView.swift */ = {isa = PBXFileReference; lastKnownFileType = sourcecode.swift; path = HighScoreView.swift; sourceTree = "<group>"; };
		307CCEDC2BDA9AE200B30B8D /* HighScoreViewModel.swift */ = {isa = PBXFileReference; lastKnownFileType = sourcecode.swift; path = HighScoreViewModel.swift; sourceTree = "<group>"; };
		30A6F5182BBBA8BF00CD3965 /* BubblePopAssessment.app */ = {isa = PBXFileReference; explicitFileType = wrapper.application; includeInIndex = 0; path = BubblePopAssessment.app; sourceTree = BUILT_PRODUCTS_DIR; };
		30A6F51B2BBBA8BF00CD3965 /* BubblePopAssessmentApp.swift */ = {isa = PBXFileReference; lastKnownFileType = sourcecode.swift; path = BubblePopAssessmentApp.swift; sourceTree = "<group>"; };
		30A6F51F2BBBA8C000CD3965 /* Assets.xcassets */ = {isa = PBXFileReference; lastKnownFileType = folder.assetcatalog; path = Assets.xcassets; sourceTree = "<group>"; };
		30A6F5222BBBA8C000CD3965 /* Preview Assets.xcassets */ = {isa = PBXFileReference; lastKnownFileType = folder.assetcatalog; path = "Preview Assets.xcassets"; sourceTree = "<group>"; };
		30A6F52B2BBBA94A00CD3965 /* MenuView.swift */ = {isa = PBXFileReference; lastKnownFileType = sourcecode.swift; path = MenuView.swift; sourceTree = "<group>"; };
		30A6F52D2BBBAA2300CD3965 /* SettingsViewModel.swift */ = {isa = PBXFileReference; lastKnownFileType = sourcecode.swift; path = SettingsViewModel.swift; sourceTree = "<group>"; };
		30A6F52F2BBBAE0D00CD3965 /* GameView.swift */ = {isa = PBXFileReference; lastKnownFileType = sourcecode.swift; path = GameView.swift; sourceTree = "<group>"; };
		30A6F5312BBBAED300CD3965 /* GameViewModel.swift */ = {isa = PBXFileReference; lastKnownFileType = sourcecode.swift; path = GameViewModel.swift; sourceTree = "<group>"; };
		30B520242BDD208F000E97CA /* MenuViewModel.swift */ = {isa = PBXFileReference; lastKnownFileType = sourcecode.swift; path = MenuViewModel.swift; sourceTree = "<group>"; };
		30E7E73A2BD8DDB800C404DD /* BubbleModel.swift */ = {isa = PBXFileReference; lastKnownFileType = sourcecode.swift; path = BubbleModel.swift; sourceTree = "<group>"; };
/* End PBXFileReference section */

/* Begin PBXFrameworksBuildPhase section */
		30A6F5152BBBA8BF00CD3965 /* Frameworks */ = {
			isa = PBXFrameworksBuildPhase;
			buildActionMask = 2147483647;
			files = (
				3050B9C62BDBDC510077E8D1 /* Stitch in Frameworks */,
			);
			runOnlyForDeploymentPostprocessing = 0;
		};
/* End PBXFrameworksBuildPhase section */

/* Begin PBXGroup section */
		307CCED32BD9F5A200B30B8D /* Components */ = {
			isa = PBXGroup;
			children = (
				307CCED42BD9F5E200B30B8D /* ButtonComponent.swift */,
			);
			path = Components;
			sourceTree = "<group>";
		};
		30A6F50F2BBBA8BF00CD3965 = {
			isa = PBXGroup;
			children = (
				30A6F51A2BBBA8BF00CD3965 /* BubblePopAssessment */,
				30A6F5192BBBA8BF00CD3965 /* Products */,
			);
			sourceTree = "<group>";
		};
		30A6F5192BBBA8BF00CD3965 /* Products */ = {
			isa = PBXGroup;
			children = (
				30A6F5182BBBA8BF00CD3965 /* BubblePopAssessment.app */,
			);
			name = Products;
			sourceTree = "<group>";
		};
		30A6F51A2BBBA8BF00CD3965 /* BubblePopAssessment */ = {
			isa = PBXGroup;
			children = (
				307CCED32BD9F5A200B30B8D /* Components */,
				30A6F51B2BBBA8BF00CD3965 /* BubblePopAssessmentApp.swift */,
				30A6F51F2BBBA8C000CD3965 /* Assets.xcassets */,
				30A6F5212BBBA8C000CD3965 /* Preview Content */,
				30A6F52B2BBBA94A00CD3965 /* MenuView.swift */,
				30A6F52F2BBBAE0D00CD3965 /* GameView.swift */,
				30A6F5312BBBAED300CD3965 /* GameViewModel.swift */,
				30E7E73A2BD8DDB800C404DD /* BubbleModel.swift */,
				307CCED12BD9F44400B30B8D /* GameStatsModel.swift */,
				30A6F52D2BBBAA2300CD3965 /* SettingsViewModel.swift */,
				307CCED62BDA96E300B30B8D /* SettingsView.swift */,
				307CCEDA2BDA9AC300B30B8D /* HighScoreView.swift */,
				307CCEDC2BDA9AE200B30B8D /* HighScoreViewModel.swift */,
				3050B9C02BDB7E8F0077E8D1 /* HighScoreModel.swift */,
				3050B9C22BDBCF060077E8D1 /* TestAnimation.swift */,
				30B520242BDD208F000E97CA /* MenuViewModel.swift */,
			);
			path = BubblePopAssessment;
			sourceTree = "<group>";
		};
		30A6F5212BBBA8C000CD3965 /* Preview Content */ = {
			isa = PBXGroup;
			children = (
				30A6F5222BBBA8C000CD3965 /* Preview Assets.xcassets */,
			);
			path = "Preview Content";
			sourceTree = "<group>";
		};
/* End PBXGroup section */

/* Begin PBXNativeTarget section */
		30A6F5172BBBA8BF00CD3965 /* BubblePopAssessment */ = {
			isa = PBXNativeTarget;
			buildConfigurationList = 30A6F5262BBBA8C000CD3965 /* Build configuration list for PBXNativeTarget "BubblePopAssessment" */;
			buildPhases = (
				30A6F5142BBBA8BF00CD3965 /* Sources */,
				30A6F5152BBBA8BF00CD3965 /* Frameworks */,
				30A6F5162BBBA8BF00CD3965 /* Resources */,
			);
			buildRules = (
			);
			dependencies = (
			);
			name = BubblePopAssessment;
			packageProductDependencies = (
				3050B9C52BDBDC510077E8D1 /* Stitch */,
			);
			productName = BubblePopAssessment;
			productReference = 30A6F5182BBBA8BF00CD3965 /* BubblePopAssessment.app */;
			productType = "com.apple.product-type.application";
		};
/* End PBXNativeTarget section */

/* Begin PBXProject section */
		30A6F5102BBBA8BF00CD3965 /* Project object */ = {
			isa = PBXProject;
			attributes = {
				BuildIndependentTargetsInParallel = 1;
				LastSwiftUpdateCheck = 1530;
				LastUpgradeCheck = 1530;
				TargetAttributes = {
					30A6F5172BBBA8BF00CD3965 = {
						CreatedOnToolsVersion = 15.3;
					};
				};
			};
			buildConfigurationList = 30A6F5132BBBA8BF00CD3965 /* Build configuration list for PBXProject "BubblePopAssessment" */;
			compatibilityVersion = "Xcode 14.0";
			developmentRegion = en;
			hasScannedForEncodings = 0;
			knownRegions = (
				en,
				Base,
			);
			mainGroup = 30A6F50F2BBBA8BF00CD3965;
			packageReferences = (
				3050B9C42BDBDC510077E8D1 /* XCRemoteSwiftPackageReference "stitch" */,
			);
			productRefGroup = 30A6F5192BBBA8BF00CD3965 /* Products */;
			projectDirPath = "";
			projectRoot = "";
			targets = (
				30A6F5172BBBA8BF00CD3965 /* BubblePopAssessment */,
			);
		};
/* End PBXProject section */

/* Begin PBXResourcesBuildPhase section */
		30A6F5162BBBA8BF00CD3965 /* Resources */ = {
			isa = PBXResourcesBuildPhase;
			buildActionMask = 2147483647;
			files = (
				30A6F5232BBBA8C000CD3965 /* Preview Assets.xcassets in Resources */,
				30A6F5202BBBA8C000CD3965 /* Assets.xcassets in Resources */,
			);
			runOnlyForDeploymentPostprocessing = 0;
		};
/* End PBXResourcesBuildPhase section */

/* Begin PBXSourcesBuildPhase section */
		30A6F5142BBBA8BF00CD3965 /* Sources */ = {
			isa = PBXSourcesBuildPhase;
			buildActionMask = 2147483647;
			files = (
				307CCED22BD9F44400B30B8D /* GameStatsModel.swift in Sources */,
				30B520252BDD208F000E97CA /* MenuViewModel.swift in Sources */,
				30A6F52E2BBBAA2300CD3965 /* SettingsViewModel.swift in Sources */,
				30A6F52C2BBBA94A00CD3965 /* MenuView.swift in Sources */,
				30A6F5302BBBAE0D00CD3965 /* GameView.swift in Sources */,
				307CCED72BDA96E300B30B8D /* SettingsView.swift in Sources */,
				30E7E73B2BD8DDB800C404DD /* BubbleModel.swift in Sources */,
				307CCEDB2BDA9AC300B30B8D /* HighScoreView.swift in Sources */,
				30A6F5322BBBAED300CD3965 /* GameViewModel.swift in Sources */,
				3050B9C12BDB7E8F0077E8D1 /* HighScoreModel.swift in Sources */,
				307CCED52BD9F5E200B30B8D /* ButtonComponent.swift in Sources */,
				30A6F51C2BBBA8BF00CD3965 /* BubblePopAssessmentApp.swift in Sources */,
				3050B9C32BDBCF060077E8D1 /* TestAnimation.swift in Sources */,
				307CCEDD2BDA9AE200B30B8D /* HighScoreViewModel.swift in Sources */,
			);
			runOnlyForDeploymentPostprocessing = 0;
		};
/* End PBXSourcesBuildPhase section */

/* Begin XCBuildConfiguration section */
		30A6F5242BBBA8C000CD3965 /* Debug */ = {
			isa = XCBuildConfiguration;
			buildSettings = {
				ALWAYS_SEARCH_USER_PATHS = NO;
				ASSETCATALOG_COMPILER_GENERATE_SWIFT_ASSET_SYMBOL_EXTENSIONS = YES;
				CLANG_ANALYZER_NONNULL = YES;
				CLANG_ANALYZER_NUMBER_OBJECT_CONVERSION = YES_AGGRESSIVE;
				CLANG_CXX_LANGUAGE_STANDARD = "gnu++20";
				CLANG_ENABLE_MODULES = YES;
				CLANG_ENABLE_OBJC_ARC = YES;
				CLANG_ENABLE_OBJC_WEAK = YES;
				CLANG_WARN_BLOCK_CAPTURE_AUTORELEASING = YES;
				CLANG_WARN_BOOL_CONVERSION = YES;
				CLANG_WARN_COMMA = YES;
				CLANG_WARN_CONSTANT_CONVERSION = YES;
				CLANG_WARN_DEPRECATED_OBJC_IMPLEMENTATIONS = YES;
				CLANG_WARN_DIRECT_OBJC_ISA_USAGE = YES_ERROR;
				CLANG_WARN_DOCUMENTATION_COMMENTS = YES;
				CLANG_WARN_EMPTY_BODY = YES;
				CLANG_WARN_ENUM_CONVERSION = YES;
				CLANG_WARN_INFINITE_RECURSION = YES;
				CLANG_WARN_INT_CONVERSION = YES;
				CLANG_WARN_NON_LITERAL_NULL_CONVERSION = YES;
				CLANG_WARN_OBJC_IMPLICIT_RETAIN_SELF = YES;
				CLANG_WARN_OBJC_LITERAL_CONVERSION = YES;
				CLANG_WARN_OBJC_ROOT_CLASS = YES_ERROR;
				CLANG_WARN_QUOTED_INCLUDE_IN_FRAMEWORK_HEADER = YES;
				CLANG_WARN_RANGE_LOOP_ANALYSIS = YES;
				CLANG_WARN_STRICT_PROTOTYPES = YES;
				CLANG_WARN_SUSPICIOUS_MOVE = YES;
				CLANG_WARN_UNGUARDED_AVAILABILITY = YES_AGGRESSIVE;
				CLANG_WARN_UNREACHABLE_CODE = YES;
				CLANG_WARN__DUPLICATE_METHOD_MATCH = YES;
				COPY_PHASE_STRIP = NO;
				DEBUG_INFORMATION_FORMAT = dwarf;
				ENABLE_STRICT_OBJC_MSGSEND = YES;
				ENABLE_TESTABILITY = YES;
				ENABLE_USER_SCRIPT_SANDBOXING = YES;
				GCC_C_LANGUAGE_STANDARD = gnu17;
				GCC_DYNAMIC_NO_PIC = NO;
				GCC_NO_COMMON_BLOCKS = YES;
				GCC_OPTIMIZATION_LEVEL = 0;
				GCC_PREPROCESSOR_DEFINITIONS = (
					"DEBUG=1",
					"$(inherited)",
				);
				GCC_WARN_64_TO_32_BIT_CONVERSION = YES;
				GCC_WARN_ABOUT_RETURN_TYPE = YES_ERROR;
				GCC_WARN_UNDECLARED_SELECTOR = YES;
				GCC_WARN_UNINITIALIZED_AUTOS = YES_AGGRESSIVE;
				GCC_WARN_UNUSED_FUNCTION = YES;
				GCC_WARN_UNUSED_VARIABLE = YES;
				IPHONEOS_DEPLOYMENT_TARGET = 17.4;
				LOCALIZATION_PREFERS_STRING_CATALOGS = YES;
				MTL_ENABLE_DEBUG_INFO = INCLUDE_SOURCE;
				MTL_FAST_MATH = YES;
				ONLY_ACTIVE_ARCH = YES;
				SDKROOT = iphoneos;
				SWIFT_ACTIVE_COMPILATION_CONDITIONS = "DEBUG $(inherited)";
				SWIFT_OPTIMIZATION_LEVEL = "-Onone";
			};
			name = Debug;
		};
		30A6F5252BBBA8C000CD3965 /* Release */ = {
			isa = XCBuildConfiguration;
			buildSettings = {
				ALWAYS_SEARCH_USER_PATHS = NO;
				ASSETCATALOG_COMPILER_GENERATE_SWIFT_ASSET_SYMBOL_EXTENSIONS = YES;
				CLANG_ANALYZER_NONNULL = YES;
				CLANG_ANALYZER_NUMBER_OBJECT_CONVERSION = YES_AGGRESSIVE;
				CLANG_CXX_LANGUAGE_STANDARD = "gnu++20";
				CLANG_ENABLE_MODULES = YES;
				CLANG_ENABLE_OBJC_ARC = YES;
				CLANG_ENABLE_OBJC_WEAK = YES;
				CLANG_WARN_BLOCK_CAPTURE_AUTORELEASING = YES;
				CLANG_WARN_BOOL_CONVERSION = YES;
				CLANG_WARN_COMMA = YES;
				CLANG_WARN_CONSTANT_CONVERSION = YES;
				CLANG_WARN_DEPRECATED_OBJC_IMPLEMENTATIONS = YES;
				CLANG_WARN_DIRECT_OBJC_ISA_USAGE = YES_ERROR;
				CLANG_WARN_DOCUMENTATION_COMMENTS = YES;
				CLANG_WARN_EMPTY_BODY = YES;
				CLANG_WARN_ENUM_CONVERSION = YES;
				CLANG_WARN_INFINITE_RECURSION = YES;
				CLANG_WARN_INT_CONVERSION = YES;
				CLANG_WARN_NON_LITERAL_NULL_CONVERSION = YES;
				CLANG_WARN_OBJC_IMPLICIT_RETAIN_SELF = YES;
				CLANG_WARN_OBJC_LITERAL_CONVERSION = YES;
				CLANG_WARN_OBJC_ROOT_CLASS = YES_ERROR;
				CLANG_WARN_QUOTED_INCLUDE_IN_FRAMEWORK_HEADER = YES;
				CLANG_WARN_RANGE_LOOP_ANALYSIS = YES;
				CLANG_WARN_STRICT_PROTOTYPES = YES;
				CLANG_WARN_SUSPICIOUS_MOVE = YES;
				CLANG_WARN_UNGUARDED_AVAILABILITY = YES_AGGRESSIVE;
				CLANG_WARN_UNREACHABLE_CODE = YES;
				CLANG_WARN__DUPLICATE_METHOD_MATCH = YES;
				COPY_PHASE_STRIP = NO;
				DEBUG_INFORMATION_FORMAT = "dwarf-with-dsym";
				ENABLE_NS_ASSERTIONS = NO;
				ENABLE_STRICT_OBJC_MSGSEND = YES;
				ENABLE_USER_SCRIPT_SANDBOXING = YES;
				GCC_C_LANGUAGE_STANDARD = gnu17;
				GCC_NO_COMMON_BLOCKS = YES;
				GCC_WARN_64_TO_32_BIT_CONVERSION = YES;
				GCC_WARN_ABOUT_RETURN_TYPE = YES_ERROR;
				GCC_WARN_UNDECLARED_SELECTOR = YES;
				GCC_WARN_UNINITIALIZED_AUTOS = YES_AGGRESSIVE;
				GCC_WARN_UNUSED_FUNCTION = YES;
				GCC_WARN_UNUSED_VARIABLE = YES;
				IPHONEOS_DEPLOYMENT_TARGET = 17.4;
				LOCALIZATION_PREFERS_STRING_CATALOGS = YES;
				MTL_ENABLE_DEBUG_INFO = NO;
				MTL_FAST_MATH = YES;
				SDKROOT = iphoneos;
				SWIFT_COMPILATION_MODE = wholemodule;
				VALIDATE_PRODUCT = YES;
			};
			name = Release;
		};
		30A6F5272BBBA8C000CD3965 /* Debug */ = {
			isa = XCBuildConfiguration;
			buildSettings = {
				ASSETCATALOG_COMPILER_APPICON_NAME = AppIcon;
				ASSETCATALOG_COMPILER_GLOBAL_ACCENT_COLOR_NAME = AccentColor;
				CODE_SIGN_STYLE = Automatic;
				CURRENT_PROJECT_VERSION = 1;
				DEVELOPMENT_ASSET_PATHS = "\"BubblePopAssessment/Preview Content\"";
				ENABLE_PREVIEWS = YES;
				GENERATE_INFOPLIST_FILE = YES;
				INFOPLIST_KEY_UIApplicationSceneManifest_Generation = YES;
				INFOPLIST_KEY_UIApplicationSupportsIndirectInputEvents = YES;
				INFOPLIST_KEY_UILaunchScreen_Generation = YES;
				INFOPLIST_KEY_UISupportedInterfaceOrientations_iPad = "UIInterfaceOrientationPortrait UIInterfaceOrientationPortraitUpsideDown UIInterfaceOrientationLandscapeLeft UIInterfaceOrientationLandscapeRight";
				INFOPLIST_KEY_UISupportedInterfaceOrientations_iPhone = "UIInterfaceOrientationPortrait UIInterfaceOrientationLandscapeLeft UIInterfaceOrientationLandscapeRight";
				LD_RUNPATH_SEARCH_PATHS = (
					"$(inherited)",
					"@executable_path/Frameworks",
				);
				MARKETING_VERSION = 1.0;
				PRODUCT_BUNDLE_IDENTIFIER = com.Munro.Mitch.BubblePopAssessment;
				PRODUCT_NAME = "$(TARGET_NAME)";
				SWIFT_EMIT_LOC_STRINGS = YES;
				SWIFT_VERSION = 5.0;
				TARGETED_DEVICE_FAMILY = "1,2";
			};
			name = Debug;
		};
		30A6F5282BBBA8C000CD3965 /* Release */ = {
			isa = XCBuildConfiguration;
			buildSettings = {
				ASSETCATALOG_COMPILER_APPICON_NAME = AppIcon;
				ASSETCATALOG_COMPILER_GLOBAL_ACCENT_COLOR_NAME = AccentColor;
				CODE_SIGN_STYLE = Automatic;
				CURRENT_PROJECT_VERSION = 1;
				DEVELOPMENT_ASSET_PATHS = "\"BubblePopAssessment/Preview Content\"";
				ENABLE_PREVIEWS = YES;
				GENERATE_INFOPLIST_FILE = YES;
				INFOPLIST_KEY_UIApplicationSceneManifest_Generation = YES;
				INFOPLIST_KEY_UIApplicationSupportsIndirectInputEvents = YES;
				INFOPLIST_KEY_UILaunchScreen_Generation = YES;
				INFOPLIST_KEY_UISupportedInterfaceOrientations_iPad = "UIInterfaceOrientationPortrait UIInterfaceOrientationPortraitUpsideDown UIInterfaceOrientationLandscapeLeft UIInterfaceOrientationLandscapeRight";
				INFOPLIST_KEY_UISupportedInterfaceOrientations_iPhone = "UIInterfaceOrientationPortrait UIInterfaceOrientationLandscapeLeft UIInterfaceOrientationLandscapeRight";
				LD_RUNPATH_SEARCH_PATHS = (
					"$(inherited)",
					"@executable_path/Frameworks",
				);
				MARKETING_VERSION = 1.0;
				PRODUCT_BUNDLE_IDENTIFIER = com.Munro.Mitch.BubblePopAssessment;
				PRODUCT_NAME = "$(TARGET_NAME)";
				SWIFT_EMIT_LOC_STRINGS = YES;
				SWIFT_VERSION = 5.0;
				TARGETED_DEVICE_FAMILY = "1,2";
			};
			name = Release;
		};
/* End XCBuildConfiguration section */

/* Begin XCConfigurationList section */
		30A6F5132BBBA8BF00CD3965 /* Build configuration list for PBXProject "BubblePopAssessment" */ = {
			isa = XCConfigurationList;
			buildConfigurations = (
				30A6F5242BBBA8C000CD3965 /* Debug */,
				30A6F5252BBBA8C000CD3965 /* Release */,
			);
			defaultConfigurationIsVisible = 0;
			defaultConfigurationName = Release;
		};
		30A6F5262BBBA8C000CD3965 /* Build configuration list for PBXNativeTarget "BubblePopAssessment" */ = {
			isa = XCConfigurationList;
			buildConfigurations = (
				30A6F5272BBBA8C000CD3965 /* Debug */,
				30A6F5282BBBA8C000CD3965 /* Release */,
			);
			defaultConfigurationIsVisible = 0;
			defaultConfigurationName = Release;
		};
/* End XCConfigurationList section */

/* Begin XCRemoteSwiftPackageReference section */
		3050B9C42BDBDC510077E8D1 /* XCRemoteSwiftPackageReference "stitch" */ = {
			isa = XCRemoteSwiftPackageReference;
			repositoryURL = "https://github.com/entrhq/stitch";
			requirement = {
				branch = main;
				kind = branch;
			};
		};
/* End XCRemoteSwiftPackageReference section */

/* Begin XCSwiftPackageProductDependency section */
		3050B9C52BDBDC510077E8D1 /* Stitch */ = {
			isa = XCSwiftPackageProductDependency;
			package = 3050B9C42BDBDC510077E8D1 /* XCRemoteSwiftPackageReference "stitch" */;
			productName = Stitch;
		};
/* End XCSwiftPackageProductDependency section */
	};
	rootObject = 30A6F5102BBBA8BF00CD3965 /* Project object */;
}
